
Microsoft Visual Studio Solution File, Format Version 12.00
# Visual Studio Version 16
VisualStudioVersion = 16.0.30804.86
MinimumVisualStudioVersion = 10.0.40219.1
Project("{9A19103F-16F7-4668-BE54-9A1E7A4F7556}") = "CH4_1_1", "CH4_1_1\CH4_1_1.csproj", "{4CF43CD1-8C74-434F-BA34-DB4981256AF9}"
EndProject
Project("{9A19103F-16F7-4668-BE54-9A1E7A4F7556}") = "CH4_3_1", "CH4_3_1\CH4_3_1.csproj", "{85DD0BBD-A676-46AA-AB0F-9D64AA53E961}"
EndProject
Project("{9A19103F-16F7-4668-BE54-9A1E7A4F7556}") = "ObserveCommon", "ObserveCommon\ObserveCommon.csproj", "{D93FFFD8-FCDE-487A-82CD-990F71B7CDAE}"
EndProject
Project("{9A19103F-16F7-4668-BE54-9A1E7A4F7556}") = "CH4_3_2", "CH4_3_2\CH4_3_2.csproj", "{E14A8D3F-F9C0-42B7-AEE1-73AC839D687B}"
EndProject
Project("{9A19103F-16F7-4668-BE54-9A1E7A4F7556}") = "CH4_4_1", "CH4_4_1\CH4_4_1.csproj", "{8F4B3846-6C44-418B-A082-31E302A6DFF7}"
EndProject
Project("{9A19103F-16F7-4668-BE54-9A1E7A4F7556}") = "CH4_4_2", "CH4_4_2\CH4_4_2.csproj", "{2EA75C90-1A94-423B-AF50-5C6ACC2ABE73}"
EndProject
Project("{9A19103F-16F7-4668-BE54-9A1E7A4F7556}") = "CH5_1_1", "CH5_1_1\CH5_1_1.csproj", "{1C04B8FE-5591-44BC-910A-AE3DA85F903C}"
EndProject
Project("{9A19103F-16F7-4668-BE54-9A1E7A4F7556}") = "CH6_1_3", "CH6_1_3\CH6_1_3.csproj", "{D07D4EE8-7649-477C-9E50-5441A605B4E2}"
EndProject
Project("{9A19103F-16F7-4668-BE54-9A1E7A4F7556}") = "CH6_1_4", "CH6_1_4\CH6_1_4.csproj", "{8A067D59-40A8-4049-B616-950115C1B36C}"
EndProject
Project("{9A19103F-16F7-4668-BE54-9A1E7A4F7556}") = "CH6_2_1", "CH6_2_1\CH6_2_1.csproj", "{CD4D6EB7-A352-445F-A414-C70B8A956DE0}"
EndProject
Project("{9A19103F-16F7-4668-BE54-9A1E7A4F7556}") = "CH6_2_2", "CH6_2_2\CH6_2_2.csproj", "{DA61BB63-E8CA-44F2-9B79-F4D1748D63D8}"
EndProject
Project("{9A19103F-16F7-4668-BE54-9A1E7A4F7556}") = "CH6_2_5", "CH6_2_5\CH6_2_5.csproj", "{6F89E146-514F-4671-B045-5F886587A0AA}"
EndProject
Project("{9A19103F-16F7-4668-BE54-9A1E7A4F7556}") = "CH6_2_6", "CH6_2_6\CH6_2_6.csproj", "{5560BF41-B513-4BF4-8E9D-5329146FBCFB}"
EndProject
Project("{9A19103F-16F7-4668-BE54-9A1E7A4F7556}") = "CH6_2_7", "CH6_2_7\CH6_2_7.csproj", "{FD821EF4-B748-468F-ACA8-00EB65F593FD}"
EndProject
Project("{2150E333-8FDC-42A3-9474-1A3956D46DE8}") = "CH6", "CH6", "{84070DC9-1AB6-4E0C-BC45-1360B310BD11}"
EndProject
Project("{2150E333-8FDC-42A3-9474-1A3956D46DE8}") = "CH4", "CH4", "{F5BEF0E3-1847-4D74-ACE6-69EEE2F0166B}"
EndProject
Project("{2150E333-8FDC-42A3-9474-1A3956D46DE8}") = "CH5", "CH5", "{A40DA41C-C697-49AC-92F4-3CC66A206355}"
EndProject
Project("{9A19103F-16F7-4668-BE54-9A1E7A4F7556}") = "CH6_3", "CH6_3\CH6_3.csproj", "{7C65A45E-2F32-48D7-9456-858D58513F2B}"
EndProject
Project("{2150E333-8FDC-42A3-9474-1A3956D46DE8}") = "CH7", "CH7", "{51BCFA4C-EA95-4381-929B-7B9863F5CD01}"
EndProject
Project("{9A19103F-16F7-4668-BE54-9A1E7A4F7556}") = "CH7_1_1", "CH7_1_1\CH7_1_1.csproj", "{E9C11D00-76E6-45D3-9D39-7890D6BF1564}"
EndProject
Project("{9A19103F-16F7-4668-BE54-9A1E7A4F7556}") = "CH7_1_2", "CH7_1_2\CH7_1_2.csproj", "{5B8D6CBE-A5F5-4B2D-94DC-1DEDB4A1DC61}"
EndProject
Project("{9A19103F-16F7-4668-BE54-9A1E7A4F7556}") = "CH7_2_1", "CH7_2_1\CH7_2_1.csproj", "{91E453E0-A439-40A0-872B-F4DBCF8D3CBF}"
EndProject
Project("{9A19103F-16F7-4668-BE54-9A1E7A4F7556}") = "CH7_3_1", "CH7_3_1\CH7_3_1.csproj", "{08374487-47C5-49E7-BEE7-498DE4827CE7}"
EndProject
Project("{9A19103F-16F7-4668-BE54-9A1E7A4F7556}") = "CH7_3_3", "CH7_3_3\CH7_3_3.csproj", "{F960C3C6-689C-46F8-B8F3-0686E1688B2A}"
EndProject
Project("{2150E333-8FDC-42A3-9474-1A3956D46DE8}") = "CH9", "CH9", "{40108632-A1B8-40F2-BAC6-CAF932CE2C1F}"
EndProject
Project("{9A19103F-16F7-4668-BE54-9A1E7A4F7556}") = "CH9_1_5", "CH9_1_5\CH9_1_5.csproj", "{CD1BE9ED-D6F8-4A67-A959-ADCB83CB6157}"
EndProject
Project("{9A19103F-16F7-4668-BE54-9A1E7A4F7556}") = "CH9_1_6", "CH9_1_6\CH9_1_6.csproj", "{7D27BA38-1536-4446-B671-272BA8CDBB5A}"
EndProject
Project("{2150E333-8FDC-42A3-9474-1A3956D46DE8}") = "CH10", "CH10", "{B02134CD-D1B9-41D0-92C6-6B9CB9ABB9E6}"
EndProject
Project("{9A19103F-16F7-4668-BE54-9A1E7A4F7556}") = "CH10_1_1", "CH10_1_1\CH10_1_1.csproj", "{B698F580-00BC-46FA-B56D-83443A31339D}"
EndProject
Project("{9A19103F-16F7-4668-BE54-9A1E7A4F7556}") = "CH10_1_2", "CH10_1_2\CH10_1_2.csproj", "{96BEFE39-C0AE-4153-B3B4-02175080DB08}"
EndProject
Project("{9A19103F-16F7-4668-BE54-9A1E7A4F7556}") = "CH10_1_3", "CH10_1_3\CH10_1_3.csproj", "{0FE57E3C-8687-470A-B0BE-198138D7701D}"
EndProject
Project("{9A19103F-16F7-4668-BE54-9A1E7A4F7556}") = "CH10_2_2", "CH10_2_2\CH10_2_2.csproj", "{1C43D4FB-5D18-4392-BB1E-2937BA04D703}"
EndProject
Project("{9A19103F-16F7-4668-BE54-9A1E7A4F7556}") = "CH10_2_4", "CH10_2_4\CH10_2_4.csproj", "{73AA66EE-35C0-499B-B53E-F8842901699B}"
EndProject
Project("{9A19103F-16F7-4668-BE54-9A1E7A4F7556}") = "CH10_2_5", "CH10_2_5\CH10_2_5.csproj", "{FFB93096-4769-4AA1-9583-541B9D746939}"
EndProject
Project("{9A19103F-16F7-4668-BE54-9A1E7A4F7556}") = "CH10_2_6", "CH10_2_6\CH10_2_6.csproj", "{B6164572-8969-4E41-90EE-7CFD682E790C}"
EndProject
Project("{9A19103F-16F7-4668-BE54-9A1E7A4F7556}") = "CH10_3_3", "CH10_3_3\CH10_3_3.csproj", "{2B446E53-5B31-4415-B382-E2E679559AC1}"
EndProject
Project("{9A19103F-16F7-4668-BE54-9A1E7A4F7556}") = "CH10_3_4", "CH10_3_4\CH10_3_4.csproj", "{7A47FFDF-E2BC-44B3-B606-2EC13E2F1456}"
EndProject
Project("{2150E333-8FDC-42A3-9474-1A3956D46DE8}") = "CH11", "CH11", "{F14F88F4-837A-41DC-A4D8-95BDBF3238C5}"
EndProject
Project("{9A19103F-16F7-4668-BE54-9A1E7A4F7556}") = "CH11_1_2", "CH11_1_2\CH11_1_2.csproj", "{91A1422B-6BC1-43E4-B1F0-D74422ABE175}"
EndProject
Project("{9A19103F-16F7-4668-BE54-9A1E7A4F7556}") = "CH11_2_2", "CH11_2_2\CH11_2_2.csproj", "{1C7C368A-A458-4D40-9242-A6DDBB746D57}"
EndProject
Project("{9A19103F-16F7-4668-BE54-9A1E7A4F7556}") = "CH11_2_3", "CH11_2_3\CH11_2_3.csproj", "{087F0CBE-433D-4C0A-BA4E-C7E3BED7BBAB}"
EndProject
Project("{2150E333-8FDC-42A3-9474-1A3956D46DE8}") = "A", "A", "{C49AB080-B75C-4EF3-822B-646DB18D9F50}"
EndProject
Project("{FAE04EC0-301F-11D3-BF4B-00C04F79EFBC}") = "A_3", "A_1\A_3.csproj", "{2361BEA7-E0C2-4180-8957-4D2E96B09493}"
EndProject
Global
	GlobalSection(SolutionConfigurationPlatforms) = preSolution
		Debug|Any CPU = Debug|Any CPU
		Release|Any CPU = Release|Any CPU
	EndGlobalSection
	GlobalSection(ProjectConfigurationPlatforms) = postSolution
		{4CF43CD1-8C74-434F-BA34-DB4981256AF9}.Debug|Any CPU.ActiveCfg = Debug|Any CPU
		{4CF43CD1-8C74-434F-BA34-DB4981256AF9}.Debug|Any CPU.Build.0 = Debug|Any CPU
		{4CF43CD1-8C74-434F-BA34-DB4981256AF9}.Release|Any CPU.ActiveCfg = Release|Any CPU
		{4CF43CD1-8C74-434F-BA34-DB4981256AF9}.Release|Any CPU.Build.0 = Release|Any CPU
		{85DD0BBD-A676-46AA-AB0F-9D64AA53E961}.Debug|Any CPU.ActiveCfg = Debug|Any CPU
		{85DD0BBD-A676-46AA-AB0F-9D64AA53E961}.Debug|Any CPU.Build.0 = Debug|Any CPU
		{85DD0BBD-A676-46AA-AB0F-9D64AA53E961}.Release|Any CPU.ActiveCfg = Release|Any CPU
		{85DD0BBD-A676-46AA-AB0F-9D64AA53E961}.Release|Any CPU.Build.0 = Release|Any CPU
		{D93FFFD8-FCDE-487A-82CD-990F71B7CDAE}.Debug|Any CPU.ActiveCfg = Debug|Any CPU
		{D93FFFD8-FCDE-487A-82CD-990F71B7CDAE}.Debug|Any CPU.Build.0 = Debug|Any CPU
		{D93FFFD8-FCDE-487A-82CD-990F71B7CDAE}.Release|Any CPU.ActiveCfg = Release|Any CPU
		{D93FFFD8-FCDE-487A-82CD-990F71B7CDAE}.Release|Any CPU.Build.0 = Release|Any CPU
		{E14A8D3F-F9C0-42B7-AEE1-73AC839D687B}.Debug|Any CPU.ActiveCfg = Debug|Any CPU
		{E14A8D3F-F9C0-42B7-AEE1-73AC839D687B}.Debug|Any CPU.Build.0 = Debug|Any CPU
		{E14A8D3F-F9C0-42B7-AEE1-73AC839D687B}.Release|Any CPU.ActiveCfg = Release|Any CPU
		{E14A8D3F-F9C0-42B7-AEE1-73AC839D687B}.Release|Any CPU.Build.0 = Release|Any CPU
		{8F4B3846-6C44-418B-A082-31E302A6DFF7}.Debug|Any CPU.ActiveCfg = Debug|Any CPU
		{8F4B3846-6C44-418B-A082-31E302A6DFF7}.Debug|Any CPU.Build.0 = Debug|Any CPU
		{8F4B3846-6C44-418B-A082-31E302A6DFF7}.Release|Any CPU.ActiveCfg = Release|Any CPU
		{8F4B3846-6C44-418B-A082-31E302A6DFF7}.Release|Any CPU.Build.0 = Release|Any CPU
		{2EA75C90-1A94-423B-AF50-5C6ACC2ABE73}.Debug|Any CPU.ActiveCfg = Debug|Any CPU
		{2EA75C90-1A94-423B-AF50-5C6ACC2ABE73}.Debug|Any CPU.Build.0 = Debug|Any CPU
		{2EA75C90-1A94-423B-AF50-5C6ACC2ABE73}.Release|Any CPU.ActiveCfg = Release|Any CPU
		{2EA75C90-1A94-423B-AF50-5C6ACC2ABE73}.Release|Any CPU.Build.0 = Release|Any CPU
		{1C04B8FE-5591-44BC-910A-AE3DA85F903C}.Debug|Any CPU.ActiveCfg = Debug|Any CPU
		{1C04B8FE-5591-44BC-910A-AE3DA85F903C}.Debug|Any CPU.Build.0 = Debug|Any CPU
		{1C04B8FE-5591-44BC-910A-AE3DA85F903C}.Release|Any CPU.ActiveCfg = Release|Any CPU
		{1C04B8FE-5591-44BC-910A-AE3DA85F903C}.Release|Any CPU.Build.0 = Release|Any CPU
		{D07D4EE8-7649-477C-9E50-5441A605B4E2}.Debug|Any CPU.ActiveCfg = Debug|Any CPU
		{D07D4EE8-7649-477C-9E50-5441A605B4E2}.Debug|Any CPU.Build.0 = Debug|Any CPU
		{D07D4EE8-7649-477C-9E50-5441A605B4E2}.Release|Any CPU.ActiveCfg = Release|Any CPU
		{D07D4EE8-7649-477C-9E50-5441A605B4E2}.Release|Any CPU.Build.0 = Release|Any CPU
		{8A067D59-40A8-4049-B616-950115C1B36C}.Debug|Any CPU.ActiveCfg = Debug|Any CPU
		{8A067D59-40A8-4049-B616-950115C1B36C}.Debug|Any CPU.Build.0 = Debug|Any CPU
		{8A067D59-40A8-4049-B616-950115C1B36C}.Release|Any CPU.ActiveCfg = Release|Any CPU
		{8A067D59-40A8-4049-B616-950115C1B36C}.Release|Any CPU.Build.0 = Release|Any CPU
		{CD4D6EB7-A352-445F-A414-C70B8A956DE0}.Debug|Any CPU.ActiveCfg = Debug|Any CPU
		{CD4D6EB7-A352-445F-A414-C70B8A956DE0}.Debug|Any CPU.Build.0 = Debug|Any CPU
		{CD4D6EB7-A352-445F-A414-C70B8A956DE0}.Release|Any CPU.ActiveCfg = Release|Any CPU
		{CD4D6EB7-A352-445F-A414-C70B8A956DE0}.Release|Any CPU.Build.0 = Release|Any CPU
		{DA61BB63-E8CA-44F2-9B79-F4D1748D63D8}.Debug|Any CPU.ActiveCfg = Debug|Any CPU
		{DA61BB63-E8CA-44F2-9B79-F4D1748D63D8}.Debug|Any CPU.Build.0 = Debug|Any CPU
		{DA61BB63-E8CA-44F2-9B79-F4D1748D63D8}.Release|Any CPU.ActiveCfg = Release|Any CPU
		{DA61BB63-E8CA-44F2-9B79-F4D1748D63D8}.Release|Any CPU.Build.0 = Release|Any CPU
		{6F89E146-514F-4671-B045-5F886587A0AA}.Debug|Any CPU.ActiveCfg = Debug|Any CPU
		{6F89E146-514F-4671-B045-5F886587A0AA}.Debug|Any CPU.Build.0 = Debug|Any CPU
		{6F89E146-514F-4671-B045-5F886587A0AA}.Release|Any CPU.ActiveCfg = Release|Any CPU
		{6F89E146-514F-4671-B045-5F886587A0AA}.Release|Any CPU.Build.0 = Release|Any CPU
		{5560BF41-B513-4BF4-8E9D-5329146FBCFB}.Debug|Any CPU.ActiveCfg = Debug|Any CPU
		{5560BF41-B513-4BF4-8E9D-5329146FBCFB}.Debug|Any CPU.Build.0 = Debug|Any CPU
		{5560BF41-B513-4BF4-8E9D-5329146FBCFB}.Release|Any CPU.ActiveCfg = Release|Any CPU
		{5560BF41-B513-4BF4-8E9D-5329146FBCFB}.Release|Any CPU.Build.0 = Release|Any CPU
		{FD821EF4-B748-468F-ACA8-00EB65F593FD}.Debug|Any CPU.ActiveCfg = Debug|Any CPU
		{FD821EF4-B748-468F-ACA8-00EB65F593FD}.Debug|Any CPU.Build.0 = Debug|Any CPU
		{FD821EF4-B748-468F-ACA8-00EB65F593FD}.Release|Any CPU.ActiveCfg = Release|Any CPU
		{FD821EF4-B748-468F-ACA8-00EB65F593FD}.Release|Any CPU.Build.0 = Release|Any CPU
		{7C65A45E-2F32-48D7-9456-858D58513F2B}.Debug|Any CPU.ActiveCfg = Debug|Any CPU
		{7C65A45E-2F32-48D7-9456-858D58513F2B}.Debug|Any CPU.Build.0 = Debug|Any CPU
		{7C65A45E-2F32-48D7-9456-858D58513F2B}.Release|Any CPU.ActiveCfg = Release|Any CPU
		{7C65A45E-2F32-48D7-9456-858D58513F2B}.Release|Any CPU.Build.0 = Release|Any CPU
		{E9C11D00-76E6-45D3-9D39-7890D6BF1564}.Debug|Any CPU.ActiveCfg = Debug|Any CPU
		{E9C11D00-76E6-45D3-9D39-7890D6BF1564}.Debug|Any CPU.Build.0 = Debug|Any CPU
		{E9C11D00-76E6-45D3-9D39-7890D6BF1564}.Release|Any CPU.ActiveCfg = Release|Any CPU
		{E9C11D00-76E6-45D3-9D39-7890D6BF1564}.Release|Any CPU.Build.0 = Release|Any CPU
		{5B8D6CBE-A5F5-4B2D-94DC-1DEDB4A1DC61}.Debug|Any CPU.ActiveCfg = Debug|Any CPU
		{5B8D6CBE-A5F5-4B2D-94DC-1DEDB4A1DC61}.Debug|Any CPU.Build.0 = Debug|Any CPU
		{5B8D6CBE-A5F5-4B2D-94DC-1DEDB4A1DC61}.Release|Any CPU.ActiveCfg = Release|Any CPU
		{5B8D6CBE-A5F5-4B2D-94DC-1DEDB4A1DC61}.Release|Any CPU.Build.0 = Release|Any CPU
		{91E453E0-A439-40A0-872B-F4DBCF8D3CBF}.Debug|Any CPU.ActiveCfg = Debug|Any CPU
		{91E453E0-A439-40A0-872B-F4DBCF8D3CBF}.Debug|Any CPU.Build.0 = Debug|Any CPU
		{91E453E0-A439-40A0-872B-F4DBCF8D3CBF}.Release|Any CPU.ActiveCfg = Release|Any CPU
		{91E453E0-A439-40A0-872B-F4DBCF8D3CBF}.Release|Any CPU.Build.0 = Release|Any CPU
		{08374487-47C5-49E7-BEE7-498DE4827CE7}.Debug|Any CPU.ActiveCfg = Debug|Any CPU
		{08374487-47C5-49E7-BEE7-498DE4827CE7}.Debug|Any CPU.Build.0 = Debug|Any CPU
		{08374487-47C5-49E7-BEE7-498DE4827CE7}.Release|Any CPU.ActiveCfg = Release|Any CPU
		{08374487-47C5-49E7-BEE7-498DE4827CE7}.Release|Any CPU.Build.0 = Release|Any CPU
		{F960C3C6-689C-46F8-B8F3-0686E1688B2A}.Debug|Any CPU.ActiveCfg = Debug|Any CPU
		{F960C3C6-689C-46F8-B8F3-0686E1688B2A}.Debug|Any CPU.Build.0 = Debug|Any CPU
		{F960C3C6-689C-46F8-B8F3-0686E1688B2A}.Release|Any CPU.ActiveCfg = Release|Any CPU
		{F960C3C6-689C-46F8-B8F3-0686E1688B2A}.Release|Any CPU.Build.0 = Release|Any CPU
		{CD1BE9ED-D6F8-4A67-A959-ADCB83CB6157}.Debug|Any CPU.ActiveCfg = Debug|Any CPU
		{CD1BE9ED-D6F8-4A67-A959-ADCB83CB6157}.Debug|Any CPU.Build.0 = Debug|Any CPU
		{CD1BE9ED-D6F8-4A67-A959-ADCB83CB6157}.Release|Any CPU.ActiveCfg = Release|Any CPU
		{CD1BE9ED-D6F8-4A67-A959-ADCB83CB6157}.Release|Any CPU.Build.0 = Release|Any CPU
		{7D27BA38-1536-4446-B671-272BA8CDBB5A}.Debug|Any CPU.ActiveCfg = Debug|Any CPU
		{7D27BA38-1536-4446-B671-272BA8CDBB5A}.Debug|Any CPU.Build.0 = Debug|Any CPU
		{7D27BA38-1536-4446-B671-272BA8CDBB5A}.Release|Any CPU.ActiveCfg = Release|Any CPU
		{7D27BA38-1536-4446-B671-272BA8CDBB5A}.Release|Any CPU.Build.0 = Release|Any CPU
		{B698F580-00BC-46FA-B56D-83443A31339D}.Debug|Any CPU.ActiveCfg = Debug|Any CPU
		{B698F580-00BC-46FA-B56D-83443A31339D}.Debug|Any CPU.Build.0 = Debug|Any CPU
		{B698F580-00BC-46FA-B56D-83443A31339D}.Release|Any CPU.ActiveCfg = Release|Any CPU
		{B698F580-00BC-46FA-B56D-83443A31339D}.Release|Any CPU.Build.0 = Release|Any CPU
		{96BEFE39-C0AE-4153-B3B4-02175080DB08}.Debug|Any CPU.ActiveCfg = Debug|Any CPU
		{96BEFE39-C0AE-4153-B3B4-02175080DB08}.Debug|Any CPU.Build.0 = Debug|Any CPU
		{96BEFE39-C0AE-4153-B3B4-02175080DB08}.Release|Any CPU.ActiveCfg = Release|Any CPU
		{96BEFE39-C0AE-4153-B3B4-02175080DB08}.Release|Any CPU.Build.0 = Release|Any CPU
		{0FE57E3C-8687-470A-B0BE-198138D7701D}.Debug|Any CPU.ActiveCfg = Debug|Any CPU
		{0FE57E3C-8687-470A-B0BE-198138D7701D}.Debug|Any CPU.Build.0 = Debug|Any CPU
		{0FE57E3C-8687-470A-B0BE-198138D7701D}.Release|Any CPU.ActiveCfg = Release|Any CPU
		{0FE57E3C-8687-470A-B0BE-198138D7701D}.Release|Any CPU.Build.0 = Release|Any CPU
		{1C43D4FB-5D18-4392-BB1E-2937BA04D703}.Debug|Any CPU.ActiveCfg = Debug|Any CPU
		{1C43D4FB-5D18-4392-BB1E-2937BA04D703}.Debug|Any CPU.Build.0 = Debug|Any CPU
		{1C43D4FB-5D18-4392-BB1E-2937BA04D703}.Release|Any CPU.ActiveCfg = Release|Any CPU
		{1C43D4FB-5D18-4392-BB1E-2937BA04D703}.Release|Any CPU.Build.0 = Release|Any CPU
		{73AA66EE-35C0-499B-B53E-F8842901699B}.Debug|Any CPU.ActiveCfg = Debug|Any CPU
		{73AA66EE-35C0-499B-B53E-F8842901699B}.Debug|Any CPU.Build.0 = Debug|Any CPU
		{73AA66EE-35C0-499B-B53E-F8842901699B}.Release|Any CPU.ActiveCfg = Release|Any CPU
		{73AA66EE-35C0-499B-B53E-F8842901699B}.Release|Any CPU.Build.0 = Release|Any CPU
		{FFB93096-4769-4AA1-9583-541B9D746939}.Debug|Any CPU.ActiveCfg = Debug|Any CPU
		{FFB93096-4769-4AA1-9583-541B9D746939}.Debug|Any CPU.Build.0 = Debug|Any CPU
		{FFB93096-4769-4AA1-9583-541B9D746939}.Release|Any CPU.ActiveCfg = Release|Any CPU
		{FFB93096-4769-4AA1-9583-541B9D746939}.Release|Any CPU.Build.0 = Release|Any CPU
		{B6164572-8969-4E41-90EE-7CFD682E790C}.Debug|Any CPU.ActiveCfg = Debug|Any CPU
		{B6164572-8969-4E41-90EE-7CFD682E790C}.Debug|Any CPU.Build.0 = Debug|Any CPU
		{B6164572-8969-4E41-90EE-7CFD682E790C}.Release|Any CPU.ActiveCfg = Release|Any CPU
		{B6164572-8969-4E41-90EE-7CFD682E790C}.Release|Any CPU.Build.0 = Release|Any CPU
		{2B446E53-5B31-4415-B382-E2E679559AC1}.Debug|Any CPU.ActiveCfg = Debug|Any CPU
		{2B446E53-5B31-4415-B382-E2E679559AC1}.Debug|Any CPU.Build.0 = Debug|Any CPU
		{2B446E53-5B31-4415-B382-E2E679559AC1}.Release|Any CPU.ActiveCfg = Release|Any CPU
		{2B446E53-5B31-4415-B382-E2E679559AC1}.Release|Any CPU.Build.0 = Release|Any CPU
		{7A47FFDF-E2BC-44B3-B606-2EC13E2F1456}.Debug|Any CPU.ActiveCfg = Debug|Any CPU
		{7A47FFDF-E2BC-44B3-B606-2EC13E2F1456}.Debug|Any CPU.Build.0 = Debug|Any CPU
		{7A47FFDF-E2BC-44B3-B606-2EC13E2F1456}.Release|Any CPU.ActiveCfg = Release|Any CPU
		{7A47FFDF-E2BC-44B3-B606-2EC13E2F1456}.Release|Any CPU.Build.0 = Release|Any CPU
		{91A1422B-6BC1-43E4-B1F0-D74422ABE175}.Debug|Any CPU.ActiveCfg = Debug|Any CPU
		{91A1422B-6BC1-43E4-B1F0-D74422ABE175}.Debug|Any CPU.Build.0 = Debug|Any CPU
		{91A1422B-6BC1-43E4-B1F0-D74422ABE175}.Release|Any CPU.ActiveCfg = Release|Any CPU
		{91A1422B-6BC1-43E4-B1F0-D74422ABE175}.Release|Any CPU.Build.0 = Release|Any CPU
		{1C7C368A-A458-4D40-9242-A6DDBB746D57}.Debug|Any CPU.ActiveCfg = Debug|Any CPU
		{1C7C368A-A458-4D40-9242-A6DDBB746D57}.Debug|Any CPU.Build.0 = Debug|Any CPU
		{1C7C368A-A458-4D40-9242-A6DDBB746D57}.Release|Any CPU.ActiveCfg = Release|Any CPU
		{1C7C368A-A458-4D40-9242-A6DDBB746D57}.Release|Any CPU.Build.0 = Release|Any CPU
		{087F0CBE-433D-4C0A-BA4E-C7E3BED7BBAB}.Debug|Any CPU.ActiveCfg = Debug|Any CPU
		{087F0CBE-433D-4C0A-BA4E-C7E3BED7BBAB}.Debug|Any CPU.Build.0 = Debug|Any CPU
		{087F0CBE-433D-4C0A-BA4E-C7E3BED7BBAB}.Release|Any CPU.ActiveCfg = Release|Any CPU
		{087F0CBE-433D-4C0A-BA4E-C7E3BED7BBAB}.Release|Any CPU.Build.0 = Release|Any CPU
		{2361BEA7-E0C2-4180-8957-4D2E96B09493}.Debug|Any CPU.ActiveCfg = Debug|Any CPU
		{2361BEA7-E0C2-4180-8957-4D2E96B09493}.Debug|Any CPU.Build.0 = Debug|Any CPU
		{2361BEA7-E0C2-4180-8957-4D2E96B09493}.Release|Any CPU.ActiveCfg = Release|Any CPU
		{2361BEA7-E0C2-4180-8957-4D2E96B09493}.Release|Any CPU.Build.0 = Release|Any CPU
	EndGlobalSection
	GlobalSection(SolutionProperties) = preSolution
		HideSolutionNode = FALSE
	EndGlobalSection
	GlobalSection(NestedProjects) = preSolution
		{4CF43CD1-8C74-434F-BA34-DB4981256AF9} = {F5BEF0E3-1847-4D74-ACE6-69EEE2F0166B}
		{85DD0BBD-A676-46AA-AB0F-9D64AA53E961} = {F5BEF0E3-1847-4D74-ACE6-69EEE2F0166B}
		{E14A8D3F-F9C0-42B7-AEE1-73AC839D687B} = {F5BEF0E3-1847-4D74-ACE6-69EEE2F0166B}
		{8F4B3846-6C44-418B-A082-31E302A6DFF7} = {F5BEF0E3-1847-4D74-ACE6-69EEE2F0166B}
		{2EA75C90-1A94-423B-AF50-5C6ACC2ABE73} = {F5BEF0E3-1847-4D74-ACE6-69EEE2F0166B}
		{1C04B8FE-5591-44BC-910A-AE3DA85F903C} = {A40DA41C-C697-49AC-92F4-3CC66A206355}
		{D07D4EE8-7649-477C-9E50-5441A605B4E2} = {84070DC9-1AB6-4E0C-BC45-1360B310BD11}
		{8A067D59-40A8-4049-B616-950115C1B36C} = {84070DC9-1AB6-4E0C-BC45-1360B310BD11}
		{CD4D6EB7-A352-445F-A414-C70B8A956DE0} = {84070DC9-1AB6-4E0C-BC45-1360B310BD11}
		{DA61BB63-E8CA-44F2-9B79-F4D1748D63D8} = {84070DC9-1AB6-4E0C-BC45-1360B310BD11}
		{6F89E146-514F-4671-B045-5F886587A0AA} = {84070DC9-1AB6-4E0C-BC45-1360B310BD11}
		{5560BF41-B513-4BF4-8E9D-5329146FBCFB} = {84070DC9-1AB6-4E0C-BC45-1360B310BD11}
		{FD821EF4-B748-468F-ACA8-00EB65F593FD} = {84070DC9-1AB6-4E0C-BC45-1360B310BD11}
		{7C65A45E-2F32-48D7-9456-858D58513F2B} = {84070DC9-1AB6-4E0C-BC45-1360B310BD11}
		{E9C11D00-76E6-45D3-9D39-7890D6BF1564} = {51BCFA4C-EA95-4381-929B-7B9863F5CD01}
		{5B8D6CBE-A5F5-4B2D-94DC-1DEDB4A1DC61} = {51BCFA4C-EA95-4381-929B-7B9863F5CD01}
		{91E453E0-A439-40A0-872B-F4DBCF8D3CBF} = {51BCFA4C-EA95-4381-929B-7B9863F5CD01}
		{08374487-47C5-49E7-BEE7-498DE4827CE7} = {51BCFA4C-EA95-4381-929B-7B9863F5CD01}
		{F960C3C6-689C-46F8-B8F3-0686E1688B2A} = {51BCFA4C-EA95-4381-929B-7B9863F5CD01}
		{CD1BE9ED-D6F8-4A67-A959-ADCB83CB6157} = {40108632-A1B8-40F2-BAC6-CAF932CE2C1F}
		{7D27BA38-1536-4446-B671-272BA8CDBB5A} = {40108632-A1B8-40F2-BAC6-CAF932CE2C1F}
		{B698F580-00BC-46FA-B56D-83443A31339D} = {B02134CD-D1B9-41D0-92C6-6B9CB9ABB9E6}
		{96BEFE39-C0AE-4153-B3B4-02175080DB08} = {B02134CD-D1B9-41D0-92C6-6B9CB9ABB9E6}
		{0FE57E3C-8687-470A-B0BE-198138D7701D} = {B02134CD-D1B9-41D0-92C6-6B9CB9ABB9E6}
		{1C43D4FB-5D18-4392-BB1E-2937BA04D703} = {B02134CD-D1B9-41D0-92C6-6B9CB9ABB9E6}
		{73AA66EE-35C0-499B-B53E-F8842901699B} = {B02134CD-D1B9-41D0-92C6-6B9CB9ABB9E6}
		{FFB93096-4769-4AA1-9583-541B9D746939} = {B02134CD-D1B9-41D0-92C6-6B9CB9ABB9E6}
		{B6164572-8969-4E41-90EE-7CFD682E790C} = {B02134CD-D1B9-41D0-92C6-6B9CB9ABB9E6}
		{2B446E53-5B31-4415-B382-E2E679559AC1} = {B02134CD-D1B9-41D0-92C6-6B9CB9ABB9E6}
		{7A47FFDF-E2BC-44B3-B606-2EC13E2F1456} = {B02134CD-D1B9-41D0-92C6-6B9CB9ABB9E6}
		{91A1422B-6BC1-43E4-B1F0-D74422ABE175} = {F14F88F4-837A-41DC-A4D8-95BDBF3238C5}
		{1C7C368A-A458-4D40-9242-A6DDBB746D57} = {F14F88F4-837A-41DC-A4D8-95BDBF3238C5}
		{087F0CBE-433D-4C0A-BA4E-C7E3BED7BBAB} = {F14F88F4-837A-41DC-A4D8-95BDBF3238C5}
		{2361BEA7-E0C2-4180-8957-4D2E96B09493} = {C49AB080-B75C-4EF3-822B-646DB18D9F50}
	EndGlobalSection
	GlobalSection(ExtensibilityGlobals) = postSolution
		SolutionGuid = {D2E175BE-EBC0-4E19-8DA2-793A251D18AC}
	EndGlobalSection
EndGlobal
